
Microsoft Visual Studio Solution File, Format Version 12.00
# Visual Studio Version 16
VisualStudioVersion = 16.0.28729.10
MinimumVisualStudioVersion = 10.0.40219.1
Project("{9A19103F-16F7-4668-BE54-9A1E7A4F7556}") = "chapter_08_01", "chapter_08\chapter_08_01\chapter_08_01.csproj", "{48B18562-6FCD-4206-90E3-41D1306277EF}"
EndProject
Project("{9A19103F-16F7-4668-BE54-9A1E7A4F7556}") = "chapter_08_02", "chapter_08\chapter_08_02\chapter_08_02.csproj", "{CC1B00FF-632F-4266-88E1-410B316F1D66}"
EndProject
Project("{9A19103F-16F7-4668-BE54-9A1E7A4F7556}") = "chapter_08_03", "chapter_08\chapter_08_03\chapter_08_03.csproj", "{E3ACCFB6-D7EE-4081-A551-7A2C1396D102}"
EndProject
Project("{9A19103F-16F7-4668-BE54-9A1E7A4F7556}") = "chapter_08_04", "chapter_08\chapter_08_04\chapter_08_04.csproj", "{B6787087-792C-454F-A711-A8E3C3395624}"
EndProject
Project("{2150E333-8FDC-42A3-9474-1A3956D46DE8}") = "chapter_08", "chapter_08", "{64724281-05CF-4E44-B6F0-ED6347B8803A}"
EndProject
Project("{2150E333-8FDC-42A3-9474-1A3956D46DE8}") = "chapter_09", "chapter_09", "{B12C4C3F-5EE4-441B-BBAE-654B7A64D352}"
EndProject
Project("{9A19103F-16F7-4668-BE54-9A1E7A4F7556}") = "chapter_09_01", "chapter_09\chapter_09_01\chapter_09_01.csproj", "{D01759A8-00DB-4924-88F5-24C1508337D2}"
EndProject
Project("{9A19103F-16F7-4668-BE54-9A1E7A4F7556}") = "chapter_09_02", "chapter_09\chapter_09_02\chapter_09_02.csproj", "{69B1B507-AC3E-4D49-8783-A73AB64AB442}"
EndProject
Project("{9A19103F-16F7-4668-BE54-9A1E7A4F7556}") = "chapter_09_03", "chapter_09\chapter_09_03\chapter_09_03.csproj", "{42E3FB31-5E74-4089-A09A-BED2560D4653}"
EndProject
Project("{9A19103F-16F7-4668-BE54-9A1E7A4F7556}") = "chapter_09_04", "chapter_09\chapter_09_04\chapter_09_04.csproj", "{0035B683-DF53-4ED6-AF17-766DD3EA45B2}"
EndProject
Project("{9A19103F-16F7-4668-BE54-9A1E7A4F7556}") = "chapter_09_05", "chapter_09\chapter_09_05\chapter_09_05.csproj", "{5E42BBAB-C448-463A-9F84-5459CE202C56}"
EndProject
Project("{2150E333-8FDC-42A3-9474-1A3956D46DE8}") = "chapter_10", "chapter_10", "{46067798-D3E3-4B02-AF34-FA7E439D1805}"
EndProject
Project("{2150E333-8FDC-42A3-9474-1A3956D46DE8}") = "chapter_11", "chapter_11", "{D73A4CAF-3A88-478F-867A-02B5F4803F80}"
EndProject
Project("{9A19103F-16F7-4668-BE54-9A1E7A4F7556}") = "chapter_11_01", "chapter_11\chapter_11_01\chapter_11_01.csproj", "{7B9DD3E0-68E1-4D83-857F-6FA27D76737B}"
EndProject
Project("{9A19103F-16F7-4668-BE54-9A1E7A4F7556}") = "chapter_11_02", "chapter_11\chapter_11_02\chapter_11_02.csproj", "{09CB6F30-C286-4DFF-8F37-C94964FE670E}"
EndProject
Project("{9A19103F-16F7-4668-BE54-9A1E7A4F7556}") = "EngineLib", "chapter_11\EngineLib\EngineLib.csproj", "{3A34D377-093C-4B0F-8A42-ACC30C691794}"
EndProject
Project("{9A19103F-16F7-4668-BE54-9A1E7A4F7556}") = "chapter_11_03", "chapter_11\chapter_11_03\chapter_11_03.csproj", "{F8C91AB2-DF4D-41F9-8F0F-DFB5C42E5247}"
EndProject
Project("{9A19103F-16F7-4668-BE54-9A1E7A4F7556}") = "EngineLibBase", "EngineLibBase\EngineLibBase.csproj", "{1061008E-922D-43C1-8C6F-4264468BA23B}"
EndProject
Project("{9A19103F-16F7-4668-BE54-9A1E7A4F7556}") = "chapter_11_04", "chapter_11\chapter_11_04\chapter_11_04.csproj", "{04DC1AB1-73FD-45D9-AC95-9DB7D60829A1}"
EndProject
Project("{9A19103F-16F7-4668-BE54-9A1E7A4F7556}") = "chapter_11_05", "chapter_11\chapter_11_05\chapter_11_05.csproj", "{792A1CCB-F0C6-4002-82BF-BA541B0A8018}"
EndProject
Project("{9A19103F-16F7-4668-BE54-9A1E7A4F7556}") = "chapter_08_05", "chapter_08\chapter_08_05\chapter_08_05.csproj", "{B379162D-E146-4D58-9F28-E219A957D5B7}"
EndProject
Project("{9A19103F-16F7-4668-BE54-9A1E7A4F7556}") = "chapter_10_01", "chapter_10\chapter_10_01\chapter_10_01.csproj", "{F58E98E5-267A-42AA-8DD5-17118D21D8D4}"
EndProject
Project("{9A19103F-16F7-4668-BE54-9A1E7A4F7556}") = "chapter_10_02", "chapter_10\chapter_10_02\chapter_10_02.csproj", "{4EC0591D-20FA-46C4-BC96-2D8E4EA3A199}"
EndProject
Project("{9A19103F-16F7-4668-BE54-9A1E7A4F7556}") = "chapter_10_03", "chapter_10\chapter_10_03\chapter_10_03.csproj", "{4BA80832-2E7B-4E2D-8F00-AA433115082A}"
EndProject
Project("{9A19103F-16F7-4668-BE54-9A1E7A4F7556}") = "chapter_10_04", "chapter_10\chapter_10_04\chapter_10_04.csproj", "{2CF441F7-B6F4-4847-959C-65BC933B509A}"
EndProject
Project("{9A19103F-16F7-4668-BE54-9A1E7A4F7556}") = "chapter_10_05", "chapter_10\chapter_10_05\chapter_10_05.csproj", "{6B3FAE62-740B-4EC9-90B4-BFBEACB0F4C0}"
EndProject
Project("{2150E333-8FDC-42A3-9474-1A3956D46DE8}") = "chapter_05", "chapter_05", "{6865169C-6561-4CF2-ADC8-24CAEE8D2E4A}"
EndProject
Project("{2150E333-8FDC-42A3-9474-1A3956D46DE8}") = "chapter_04", "chapter_04", "{159C8CD4-0070-4CDA-871B-BDFE18DD1D60}"
EndProject
Project("{9A19103F-16F7-4668-BE54-9A1E7A4F7556}") = "chapter_04", "chapter_04\chapter_04\chapter_04.csproj", "{316DB3AB-0C97-4AB6-B59E-F26D98F7A95A}"
EndProject
Project("{9A19103F-16F7-4668-BE54-9A1E7A4F7556}") = "chapter_05", "chapter_05\chapter_05\chapter_05.csproj", "{4A0765AF-1C49-411F-A103-4D781B900C86}"
EndProject
Global
	GlobalSection(SolutionConfigurationPlatforms) = preSolution
		Debug|Any CPU = Debug|Any CPU
		Release|Any CPU = Release|Any CPU
	EndGlobalSection
	GlobalSection(ProjectConfigurationPlatforms) = postSolution
		{48B18562-6FCD-4206-90E3-41D1306277EF}.Debug|Any CPU.ActiveCfg = Debug|Any CPU
		{48B18562-6FCD-4206-90E3-41D1306277EF}.Debug|Any CPU.Build.0 = Debug|Any CPU
		{48B18562-6FCD-4206-90E3-41D1306277EF}.Release|Any CPU.ActiveCfg = Release|Any CPU
		{48B18562-6FCD-4206-90E3-41D1306277EF}.Release|Any CPU.Build.0 = Release|Any CPU
		{CC1B00FF-632F-4266-88E1-410B316F1D66}.Debug|Any CPU.ActiveCfg = Debug|Any CPU
		{CC1B00FF-632F-4266-88E1-410B316F1D66}.Debug|Any CPU.Build.0 = Debug|Any CPU
		{CC1B00FF-632F-4266-88E1-410B316F1D66}.Release|Any CPU.ActiveCfg = Release|Any CPU
		{CC1B00FF-632F-4266-88E1-410B316F1D66}.Release|Any CPU.Build.0 = Release|Any CPU
		{E3ACCFB6-D7EE-4081-A551-7A2C1396D102}.Debug|Any CPU.ActiveCfg = Debug|Any CPU
		{E3ACCFB6-D7EE-4081-A551-7A2C1396D102}.Debug|Any CPU.Build.0 = Debug|Any CPU
		{E3ACCFB6-D7EE-4081-A551-7A2C1396D102}.Release|Any CPU.ActiveCfg = Release|Any CPU
		{E3ACCFB6-D7EE-4081-A551-7A2C1396D102}.Release|Any CPU.Build.0 = Release|Any CPU
		{B6787087-792C-454F-A711-A8E3C3395624}.Debug|Any CPU.ActiveCfg = Debug|Any CPU
		{B6787087-792C-454F-A711-A8E3C3395624}.Debug|Any CPU.Build.0 = Debug|Any CPU
		{B6787087-792C-454F-A711-A8E3C3395624}.Release|Any CPU.ActiveCfg = Release|Any CPU
		{B6787087-792C-454F-A711-A8E3C3395624}.Release|Any CPU.Build.0 = Release|Any CPU
		{D01759A8-00DB-4924-88F5-24C1508337D2}.Debug|Any CPU.ActiveCfg = Debug|Any CPU
		{D01759A8-00DB-4924-88F5-24C1508337D2}.Debug|Any CPU.Build.0 = Debug|Any CPU
		{D01759A8-00DB-4924-88F5-24C1508337D2}.Release|Any CPU.ActiveCfg = Release|Any CPU
		{D01759A8-00DB-4924-88F5-24C1508337D2}.Release|Any CPU.Build.0 = Release|Any CPU
		{69B1B507-AC3E-4D49-8783-A73AB64AB442}.Debug|Any CPU.ActiveCfg = Debug|Any CPU
		{69B1B507-AC3E-4D49-8783-A73AB64AB442}.Debug|Any CPU.Build.0 = Debug|Any CPU
		{69B1B507-AC3E-4D49-8783-A73AB64AB442}.Release|Any CPU.ActiveCfg = Release|Any CPU
		{69B1B507-AC3E-4D49-8783-A73AB64AB442}.Release|Any CPU.Build.0 = Release|Any CPU
		{42E3FB31-5E74-4089-A09A-BED2560D4653}.Debug|Any CPU.ActiveCfg = Debug|Any CPU
		{42E3FB31-5E74-4089-A09A-BED2560D4653}.Debug|Any CPU.Build.0 = Debug|Any CPU
		{42E3FB31-5E74-4089-A09A-BED2560D4653}.Release|Any CPU.ActiveCfg = Release|Any CPU
		{42E3FB31-5E74-4089-A09A-BED2560D4653}.Release|Any CPU.Build.0 = Release|Any CPU
		{0035B683-DF53-4ED6-AF17-766DD3EA45B2}.Debug|Any CPU.ActiveCfg = Debug|Any CPU
		{0035B683-DF53-4ED6-AF17-766DD3EA45B2}.Debug|Any CPU.Build.0 = Debug|Any CPU
		{0035B683-DF53-4ED6-AF17-766DD3EA45B2}.Release|Any CPU.ActiveCfg = Release|Any CPU
		{0035B683-DF53-4ED6-AF17-766DD3EA45B2}.Release|Any CPU.Build.0 = Release|Any CPU
		{5E42BBAB-C448-463A-9F84-5459CE202C56}.Debug|Any CPU.ActiveCfg = Debug|Any CPU
		{5E42BBAB-C448-463A-9F84-5459CE202C56}.Debug|Any CPU.Build.0 = Debug|Any CPU
		{5E42BBAB-C448-463A-9F84-5459CE202C56}.Release|Any CPU.ActiveCfg = Release|Any CPU
		{5E42BBAB-C448-463A-9F84-5459CE202C56}.Release|Any CPU.Build.0 = Release|Any CPU
		{7B9DD3E0-68E1-4D83-857F-6FA27D76737B}.Debug|Any CPU.ActiveCfg = Debug|Any CPU
		{7B9DD3E0-68E1-4D83-857F-6FA27D76737B}.Debug|Any CPU.Build.0 = Debug|Any CPU
		{7B9DD3E0-68E1-4D83-857F-6FA27D76737B}.Release|Any CPU.ActiveCfg = Release|Any CPU
		{7B9DD3E0-68E1-4D83-857F-6FA27D76737B}.Release|Any CPU.Build.0 = Release|Any CPU
		{09CB6F30-C286-4DFF-8F37-C94964FE670E}.Debug|Any CPU.ActiveCfg = Debug|Any CPU
		{09CB6F30-C286-4DFF-8F37-C94964FE670E}.Debug|Any CPU.Build.0 = Debug|Any CPU
		{09CB6F30-C286-4DFF-8F37-C94964FE670E}.Release|Any CPU.ActiveCfg = Release|Any CPU
		{09CB6F30-C286-4DFF-8F37-C94964FE670E}.Release|Any CPU.Build.0 = Release|Any CPU
		{3A34D377-093C-4B0F-8A42-ACC30C691794}.Debug|Any CPU.ActiveCfg = Debug|Any CPU
		{3A34D377-093C-4B0F-8A42-ACC30C691794}.Debug|Any CPU.Build.0 = Debug|Any CPU
		{3A34D377-093C-4B0F-8A42-ACC30C691794}.Release|Any CPU.ActiveCfg = Release|Any CPU
		{3A34D377-093C-4B0F-8A42-ACC30C691794}.Release|Any CPU.Build.0 = Release|Any CPU
		{F8C91AB2-DF4D-41F9-8F0F-DFB5C42E5247}.Debug|Any CPU.ActiveCfg = Debug|Any CPU
		{F8C91AB2-DF4D-41F9-8F0F-DFB5C42E5247}.Debug|Any CPU.Build.0 = Debug|Any CPU
		{F8C91AB2-DF4D-41F9-8F0F-DFB5C42E5247}.Release|Any CPU.ActiveCfg = Release|Any CPU
		{F8C91AB2-DF4D-41F9-8F0F-DFB5C42E5247}.Release|Any CPU.Build.0 = Release|Any CPU
		{1061008E-922D-43C1-8C6F-4264468BA23B}.Debug|Any CPU.ActiveCfg = Debug|Any CPU
		{1061008E-922D-43C1-8C6F-4264468BA23B}.Debug|Any CPU.Build.0 = Debug|Any CPU
		{1061008E-922D-43C1-8C6F-4264468BA23B}.Release|Any CPU.ActiveCfg = Release|Any CPU
		{1061008E-922D-43C1-8C6F-4264468BA23B}.Release|Any CPU.Build.0 = Release|Any CPU
		{04DC1AB1-73FD-45D9-AC95-9DB7D60829A1}.Debug|Any CPU.ActiveCfg = Debug|Any CPU
		{04DC1AB1-73FD-45D9-AC95-9DB7D60829A1}.Debug|Any CPU.Build.0 = Debug|Any CPU
		{04DC1AB1-73FD-45D9-AC95-9DB7D60829A1}.Release|Any CPU.ActiveCfg = Release|Any CPU
		{04DC1AB1-73FD-45D9-AC95-9DB7D60829A1}.Release|Any CPU.Build.0 = Release|Any CPU
		{792A1CCB-F0C6-4002-82BF-BA541B0A8018}.Debug|Any CPU.ActiveCfg = Debug|Any CPU
		{792A1CCB-F0C6-4002-82BF-BA541B0A8018}.Debug|Any CPU.Build.0 = Debug|Any CPU
		{792A1CCB-F0C6-4002-82BF-BA541B0A8018}.Release|Any CPU.ActiveCfg = Release|Any CPU
		{792A1CCB-F0C6-4002-82BF-BA541B0A8018}.Release|Any CPU.Build.0 = Release|Any CPU
		{B379162D-E146-4D58-9F28-E219A957D5B7}.Debug|Any CPU.ActiveCfg = Debug|Any CPU
		{B379162D-E146-4D58-9F28-E219A957D5B7}.Debug|Any CPU.Build.0 = Debug|Any CPU
		{B379162D-E146-4D58-9F28-E219A957D5B7}.Release|Any CPU.ActiveCfg = Release|Any CPU
		{B379162D-E146-4D58-9F28-E219A957D5B7}.Release|Any CPU.Build.0 = Release|Any CPU
		{F58E98E5-267A-42AA-8DD5-17118D21D8D4}.Debug|Any CPU.ActiveCfg = Debug|Any CPU
		{F58E98E5-267A-42AA-8DD5-17118D21D8D4}.Debug|Any CPU.Build.0 = Debug|Any CPU
		{F58E98E5-267A-42AA-8DD5-17118D21D8D4}.Release|Any CPU.ActiveCfg = Release|Any CPU
		{F58E98E5-267A-42AA-8DD5-17118D21D8D4}.Release|Any CPU.Build.0 = Release|Any CPU
		{4EC0591D-20FA-46C4-BC96-2D8E4EA3A199}.Debug|Any CPU.ActiveCfg = Debug|Any CPU
		{4EC0591D-20FA-46C4-BC96-2D8E4EA3A199}.Debug|Any CPU.Build.0 = Debug|Any CPU
		{4EC0591D-20FA-46C4-BC96-2D8E4EA3A199}.Release|Any CPU.ActiveCfg = Release|Any CPU
		{4EC0591D-20FA-46C4-BC96-2D8E4EA3A199}.Release|Any CPU.Build.0 = Release|Any CPU
		{4BA80832-2E7B-4E2D-8F00-AA433115082A}.Debug|Any CPU.ActiveCfg = Debug|Any CPU
		{4BA80832-2E7B-4E2D-8F00-AA433115082A}.Debug|Any CPU.Build.0 = Debug|Any CPU
		{4BA80832-2E7B-4E2D-8F00-AA433115082A}.Release|Any CPU.ActiveCfg = Release|Any CPU
		{4BA80832-2E7B-4E2D-8F00-AA433115082A}.Release|Any CPU.Build.0 = Release|Any CPU
		{2CF441F7-B6F4-4847-959C-65BC933B509A}.Debug|Any CPU.ActiveCfg = Debug|Any CPU
		{2CF441F7-B6F4-4847-959C-65BC933B509A}.Debug|Any CPU.Build.0 = Debug|Any CPU
		{2CF441F7-B6F4-4847-959C-65BC933B509A}.Release|Any CPU.ActiveCfg = Release|Any CPU
		{2CF441F7-B6F4-4847-959C-65BC933B509A}.Release|Any CPU.Build.0 = Release|Any CPU
		{6B3FAE62-740B-4EC9-90B4-BFBEACB0F4C0}.Debug|Any CPU.ActiveCfg = Debug|Any CPU
		{6B3FAE62-740B-4EC9-90B4-BFBEACB0F4C0}.Debug|Any CPU.Build.0 = Debug|Any CPU
		{6B3FAE62-740B-4EC9-90B4-BFBEACB0F4C0}.Release|Any CPU.ActiveCfg = Release|Any CPU
		{6B3FAE62-740B-4EC9-90B4-BFBEACB0F4C0}.Release|Any CPU.Build.0 = Release|Any CPU
		{316DB3AB-0C97-4AB6-B59E-F26D98F7A95A}.Debug|Any CPU.ActiveCfg = Debug|Any CPU
		{316DB3AB-0C97-4AB6-B59E-F26D98F7A95A}.Debug|Any CPU.Build.0 = Debug|Any CPU
		{316DB3AB-0C97-4AB6-B59E-F26D98F7A95A}.Release|Any CPU.ActiveCfg = Release|Any CPU
		{316DB3AB-0C97-4AB6-B59E-F26D98F7A95A}.Release|Any CPU.Build.0 = Release|Any CPU
		{4A0765AF-1C49-411F-A103-4D781B900C86}.Debug|Any CPU.ActiveCfg = Debug|Any CPU
		{4A0765AF-1C49-411F-A103-4D781B900C86}.Debug|Any CPU.Build.0 = Debug|Any CPU
		{4A0765AF-1C49-411F-A103-4D781B900C86}.Release|Any CPU.ActiveCfg = Release|Any CPU
		{4A0765AF-1C49-411F-A103-4D781B900C86}.Release|Any CPU.Build.0 = Release|Any CPU
	EndGlobalSection
	GlobalSection(SolutionProperties) = preSolution
		HideSolutionNode = FALSE
	EndGlobalSection
	GlobalSection(NestedProjects) = preSolution
		{48B18562-6FCD-4206-90E3-41D1306277EF} = {64724281-05CF-4E44-B6F0-ED6347B8803A}
		{CC1B00FF-632F-4266-88E1-410B316F1D66} = {64724281-05CF-4E44-B6F0-ED6347B8803A}
		{E3ACCFB6-D7EE-4081-A551-7A2C1396D102} = {64724281-05CF-4E44-B6F0-ED6347B8803A}
		{B6787087-792C-454F-A711-A8E3C3395624} = {64724281-05CF-4E44-B6F0-ED6347B8803A}
		{D01759A8-00DB-4924-88F5-24C1508337D2} = {B12C4C3F-5EE4-441B-BBAE-654B7A64D352}
		{69B1B507-AC3E-4D49-8783-A73AB64AB442} = {B12C4C3F-5EE4-441B-BBAE-654B7A64D352}
		{42E3FB31-5E74-4089-A09A-BED2560D4653} = {B12C4C3F-5EE4-441B-BBAE-654B7A64D352}
		{0035B683-DF53-4ED6-AF17-766DD3EA45B2} = {B12C4C3F-5EE4-441B-BBAE-654B7A64D352}
		{5E42BBAB-C448-463A-9F84-5459CE202C56} = {B12C4C3F-5EE4-441B-BBAE-654B7A64D352}
		{7B9DD3E0-68E1-4D83-857F-6FA27D76737B} = {D73A4CAF-3A88-478F-867A-02B5F4803F80}
		{09CB6F30-C286-4DFF-8F37-C94964FE670E} = {D73A4CAF-3A88-478F-867A-02B5F4803F80}
		{3A34D377-093C-4B0F-8A42-ACC30C691794} = {D73A4CAF-3A88-478F-867A-02B5F4803F80}
		{F8C91AB2-DF4D-41F9-8F0F-DFB5C42E5247} = {D73A4CAF-3A88-478F-867A-02B5F4803F80}
		{1061008E-922D-43C1-8C6F-4264468BA23B} = {D73A4CAF-3A88-478F-867A-02B5F4803F80}
		{04DC1AB1-73FD-45D9-AC95-9DB7D60829A1} = {D73A4CAF-3A88-478F-867A-02B5F4803F80}
		{792A1CCB-F0C6-4002-82BF-BA541B0A8018} = {D73A4CAF-3A88-478F-867A-02B5F4803F80}
		{B379162D-E146-4D58-9F28-E219A957D5B7} = {64724281-05CF-4E44-B6F0-ED6347B8803A}
		{F58E98E5-267A-42AA-8DD5-17118D21D8D4} = {46067798-D3E3-4B02-AF34-FA7E439D1805}
		{4EC0591D-20FA-46C4-BC96-2D8E4EA3A199} = {46067798-D3E3-4B02-AF34-FA7E439D1805}
		{4BA80832-2E7B-4E2D-8F00-AA433115082A} = {46067798-D3E3-4B02-AF34-FA7E439D1805}
		{2CF441F7-B6F4-4847-959C-65BC933B509A} = {46067798-D3E3-4B02-AF34-FA7E439D1805}
		{6B3FAE62-740B-4EC9-90B4-BFBEACB0F4C0} = {46067798-D3E3-4B02-AF34-FA7E439D1805}
		{316DB3AB-0C97-4AB6-B59E-F26D98F7A95A} = {159C8CD4-0070-4CDA-871B-BDFE18DD1D60}
		{4A0765AF-1C49-411F-A103-4D781B900C86} = {6865169C-6561-4CF2-ADC8-24CAEE8D2E4A}
	EndGlobalSection
	GlobalSection(ExtensibilityGlobals) = postSolution
		SolutionGuid = {C2A078BD-046F-40DD-858E-CFCF14F3926D}
	EndGlobalSection
EndGlobal
