
Microsoft Visual Studio Solution File, Format Version 12.00
# Visual Studio Version 16
VisualStudioVersion = 16.0.28729.10
MinimumVisualStudioVersion = 10.0.40219.1
Project("{9A19103F-16F7-4668-BE54-9A1E7A4F7556}") = "chapter_08_01", "chapter_08\chapter_08_01\chapter_08_01.csproj", "{48B18562-6FCD-4206-90E3-41D1306277EF}"
EndProject
Project("{9A19103F-16F7-4668-BE54-9A1E7A4F7556}") = "chapter_08_02", "chapter_08\chapter_08_02\chapter_08_02.csproj", "{CC1B00FF-632F-4266-88E1-410B316F1D66}"
EndProject
Project("{9A19103F-16F7-4668-BE54-9A1E7A4F7556}") = "chapter_08_03", "chapter_08\chapter_08_03\chapter_08_03.csproj", "{E3ACCFB6-D7EE-4081-A551-7A2C1396D102}"
EndProject
Project("{9A19103F-16F7-4668-BE54-9A1E7A4F7556}") = "chapter_08_04", "chapter_08\chapter_08_04\chapter_08_04.csproj", "{B6787087-792C-454F-A711-A8E3C3395624}"
EndProject
Project("{2150E333-8FDC-42A3-9474-1A3956D46DE8}") = "chapter_08", "chapter_08", "{64724281-05CF-4E44-B6F0-ED6347B8803A}"
EndProject
Project("{2150E333-8FDC-42A3-9474-1A3956D46DE8}") = "chapter_09", "chapter_09", "{B12C4C3F-5EE4-441B-BBAE-654B7A64D352}"
EndProject
Project("{9A19103F-16F7-4668-BE54-9A1E7A4F7556}") = "chapter_09_01", "chapter_09\chapter_09_01\chapter_09_01.csproj", "{D01759A8-00DB-4924-88F5-24C1508337D2}"
EndProject
Project("{9A19103F-16F7-4668-BE54-9A1E7A4F7556}") = "chapter_09_02", "chapter_09\chapter_09_02\chapter_09_02.csproj", "{69B1B507-AC3E-4D49-8783-A73AB64AB442}"
EndProject
Project("{9A19103F-16F7-4668-BE54-9A1E7A4F7556}") = "chapter_09_03", "chapter_09\chapter_09_03\chapter_09_03.csproj", "{42E3FB31-5E74-4089-A09A-BED2560D4653}"
EndProject
Project("{9A19103F-16F7-4668-BE54-9A1E7A4F7556}") = "chapter_09_04", "chapter_09\chapter_09_04\chapter_09_04.csproj", "{0035B683-DF53-4ED6-AF17-766DD3EA45B2}"
EndProject
Project("{9A19103F-16F7-4668-BE54-9A1E7A4F7556}") = "chapter_09_05", "chapter_09\chapter_09_05\chapter_09_05.csproj", "{5E42BBAB-C448-463A-9F84-5459CE202C56}"
EndProject
Project("{2150E333-8FDC-42A3-9474-1A3956D46DE8}") = "chapter_10", "chapter_10", "{46067798-D3E3-4B02-AF34-FA7E439D1805}"
EndProject
Project("{2150E333-8FDC-42A3-9474-1A3956D46DE8}") = "chapter_11", "chapter_11", "{D73A4CAF-3A88-478F-867A-02B5F4803F80}"
EndProject
Project("{9A19103F-16F7-4668-BE54-9A1E7A4F7556}") = "chapter_11_01", "chapter_11\chapter_11_01\chapter_11_01.csproj", "{7B9DD3E0-68E1-4D83-857F-6FA27D76737B}"
EndProject
Project("{9A19103F-16F7-4668-BE54-9A1E7A4F7556}") = "chapter_11_02", "chapter_11\chapter_11_02\chapter_11_02.csproj", "{09CB6F30-C286-4DFF-8F37-C94964FE670E}"
EndProject
Project("{9A19103F-16F7-4668-BE54-9A1E7A4F7556}") = "EngineLib", "chapter_11\EngineLib\EngineLib.csproj", "{3A34D377-093C-4B0F-8A42-ACC30C691794}"
EndProject
Project("{9A19103F-16F7-4668-BE54-9A1E7A4F7556}") = "chapter_11_03", "chapter_11\chapter_11_03\chapter_11_03.csproj", "{F8C91AB2-DF4D-41F9-8F0F-DFB5C42E5247}"
EndProject
Project("{9A19103F-16F7-4668-BE54-9A1E7A4F7556}") = "EngineLibBase", "EngineLibBase\EngineLibBase.csproj", "{1061008E-922D-43C1-8C6F-4264468BA23B}"
EndProject
Project("{9A19103F-16F7-4668-BE54-9A1E7A4F7556}") = "chapter_11_04", "chapter_11\chapter_11_04\chapter_11_04.csproj", "{04DC1AB1-73FD-45D9-AC95-9DB7D60829A1}"
EndProject
Project("{9A19103F-16F7-4668-BE54-9A1E7A4F7556}") = "chapter_11_05", "chapter_11\chapter_11_05\chapter_11_05.csproj", "{792A1CCB-F0C6-4002-82BF-BA541B0A8018}"
EndProject
Project("{9A19103F-16F7-4668-BE54-9A1E7A4F7556}") = "chapter_08_05", "chapter_08\chapter_08_05\chapter_08_05.csproj", "{B379162D-E146-4D58-9F28-E219A957D5B7}"
EndProject
Project("{9A19103F-16F7-4668-BE54-9A1E7A4F7556}") = "chapter_10_01", "chapter_10\chapter_10_01\chapter_10_01.csproj", "{F58E98E5-267A-42AA-8DD5-17118D21D8D4}"
EndProject
Project("{9A19103F-16F7-4668-BE54-9A1E7A4F7556}") = "chapter_10_02", "chapter_10\chapter_10_02\chapter_10_02.csproj", "{4EC0591D-20FA-46C4-BC96-2D8E4EA3A199}"
EndProject
Project("{9A19103F-16F7-4668-BE54-9A1E7A4F7556}") = "chapter_10_03", "chapter_10\chapter_10_03\chapter_10_03.csproj", "{4BA80832-2E7B-4E2D-8F00-AA433115082A}"
EndProject
Project("{9A19103F-16F7-4668-BE54-9A1E7A4F7556}") = "chapter_10_04", "chapter_10\chapter_10_04\chapter_10_04.csproj", "{2CF441F7-B6F4-4847-959C-65BC933B509A}"
EndProject
Project("{9A19103F-16F7-4668-BE54-9A1E7A4F7556}") = "chapter_10_05", "chapter_10\chapter_10_05\chapter_10_05.csproj", "{6B3FAE62-740B-4EC9-90B4-BFBEACB0F4C0}"
EndProject
Project("{2150E333-8FDC-42A3-9474-1A3956D46DE8}") = "chapter_05", "chapter_05", "{6865169C-6561-4CF2-ADC8-24CAEE8D2E4A}"
EndProject
Project("{2150E333-8FDC-42A3-9474-1A3956D46DE8}") = "chapter_04", "chapter_04", "{159C8CD4-0070-4CDA-871B-BDFE18DD1D60}"
EndProject
Project("{9A19103F-16F7-4668-BE54-9A1E7A4F7556}") = "chapter_04", "chapter_04\chapter_04\chapter_04.csproj", "{316DB3AB-0C97-4AB6-B59E-F26D98F7A95A}"
EndProject
Project("{9A19103F-16F7-4668-BE54-9A1E7A4F7556}") = "chapter_05", "chapter_05\chapter_05\chapter_05.csproj", "{4A0765AF-1C49-411F-A103-4D781B900C86}"
EndProject
Project("{9A19103F-16F7-4668-BE54-9A1E7A4F7556}") = "chapter_06", "chapter_06\chapter_06\chapter_06.csproj", "{8EC98449-4C2B-4BBA-90F9-58ED952AECD3}"
EndProject
Project("{2150E333-8FDC-42A3-9474-1A3956D46DE8}") = "chapter_01", "chapter_01", "{B4123CE3-68BB-4A95-A432-DA76DF4F60F0}"
EndProject
Project("{9A19103F-16F7-4668-BE54-9A1E7A4F7556}") = "chapter_01", "chapter_01\chapter_01.csproj", "{0CE46B47-1E69-4917-91A3-53A74A671FA2}"
EndProject
Project("{9A19103F-16F7-4668-BE54-9A1E7A4F7556}") = "chapter_02", "chapter_02\chapter_02.csproj", "{ACEA4723-5D6C-4B0D-AD5E-C3B90AEE7905}"
EndProject
Project("{2150E333-8FDC-42A3-9474-1A3956D46DE8}") = "chapter_02", "chapter_02", "{90C3B748-3B01-41B2-9144-92C1E1174FBF}"
EndProject
Project("{2150E333-8FDC-42A3-9474-1A3956D46DE8}") = "chapter_03", "chapter_03", "{3750B662-96DF-4683-AADB-521D5C854754}"
EndProject
Project("{9A19103F-16F7-4668-BE54-9A1E7A4F7556}") = "chapter_03", "chapter_03\chapter_03.csproj", "{877F2B83-E317-402C-A092-594D8718BBAD}"
EndProject
Project("{2150E333-8FDC-42A3-9474-1A3956D46DE8}") = "chapter_06", "chapter_06", "{36BC888F-4A4C-437D-84A4-5118466EB11C}"
EndProject
Project("{2150E333-8FDC-42A3-9474-1A3956D46DE8}") = "chapter_07", "chapter_07", "{0DB6E973-6496-4B49-982C-048922139F08}"
EndProject
Project("{9A19103F-16F7-4668-BE54-9A1E7A4F7556}") = "chapter_07", "chapter_07\chapter_07.csproj", "{63731215-2287-4F13-82C1-C8A3817F53EF}"
EndProject
Project("{2150E333-8FDC-42A3-9474-1A3956D46DE8}") = "chapter_13", "chapter_13", "{16C48A18-D3FA-430E-AC3D-89167F466EEC}"
EndProject
Project("{9A19103F-16F7-4668-BE54-9A1E7A4F7556}") = "chapter_13_01", "chapter_13\chapter_13_01\chapter_13_01.csproj", "{10CFA4B8-19A7-4EAD-AC57-341A101FBE96}"
EndProject
Project("{9A19103F-16F7-4668-BE54-9A1E7A4F7556}") = "chapter_13_02", "chapter_13\chapter_13_02\chapter_13_02.csproj", "{B8418932-37E2-4DE7-B70E-2630EF5DFD71}"
EndProject
Project("{9A19103F-16F7-4668-BE54-9A1E7A4F7556}") = "chapter_13_03", "chapter_13\chapter_13_03\chapter_13_03.csproj", "{62B5DB73-C3DD-4A2E-976D-6128C10509F9}"
EndProject
Project("{9A19103F-16F7-4668-BE54-9A1E7A4F7556}") = "chapter_13_04", "chapter_13\chapter_13_04\chapter_13_04.csproj", "{CA0D0373-D3C3-4E5D-9D2E-56C4DB526A51}"
EndProject
Project("{9A19103F-16F7-4668-BE54-9A1E7A4F7556}") = "chapter_13_05", "chapter_13\chapter_13_05\chapter_13_05.csproj", "{AFEDB7A9-C5E1-490F-82B9-2636D840CBFE}"
EndProject
Project("{2150E333-8FDC-42A3-9474-1A3956D46DE8}") = "chapter_17", "chapter_17", "{7D8DBED8-9EB5-4E71-9B1A-039FBA3531AC}"
EndProject
Project("{9A19103F-16F7-4668-BE54-9A1E7A4F7556}") = "chapter_17_lib", "chapter_17\chapter_17_lib\chapter_17_lib.csproj", "{FA8956CE-00E3-401E-87DE-3183ED33AF06}"
EndProject
Project("{9A19103F-16F7-4668-BE54-9A1E7A4F7556}") = "chapter_17_tests", "chapter_17\chapter_17_tests\chapter_17_tests.csproj", "{F70225B3-F6C0-4E44-9DBF-32942EAA63DB}"
EndProject
Project("{FAE04EC0-301F-11D3-BF4B-00C04F79EFBC}") = "chapter_17_tests_netframework", "chapter_17\chapter_17_tests_netframework\chapter_17_tests_netframework.csproj", "{E9197B5B-36CB-402C-9184-AD01F3547384}"
EndProject
Project("{2150E333-8FDC-42A3-9474-1A3956D46DE8}") = "chapter_15", "chapter_15", "{68079492-322B-41E2-92E5-DEF204116ACC}"
EndProject
Project("{2150E333-8FDC-42A3-9474-1A3956D46DE8}") = "chapter_12", "chapter_12", "{B4C76EBA-A3E9-4347-B533-F37C3F46D05C}"
EndProject
Project("{9A19103F-16F7-4668-BE54-9A1E7A4F7556}") = "chapter_12_01", "chapter_12\chapter_12_01\chapter_12_01.csproj", "{391017FC-20C5-417F-9342-F2A3173837E2}"
EndProject
Project("{9A19103F-16F7-4668-BE54-9A1E7A4F7556}") = "chapter_12_02", "chapter_12\chapter_12_02\chapter_12_02.csproj", "{7896CC9D-3849-4429-B3F7-60608C5EBAB1}"
EndProject
Project("{9A19103F-16F7-4668-BE54-9A1E7A4F7556}") = "chapter_12_03_01", "chapter_12\chapter_12_03_01\chapter_12_03_01.csproj", "{B777AB48-FBBE-412F-B7DA-A2E31B5D8510}"
EndProject
Project("{9A19103F-16F7-4668-BE54-9A1E7A4F7556}") = "chapter_12_03_02", "chapter_12\chapter_12_03_02\chapter_12_03_02.csproj", "{28F97397-123A-4D7B-8D8C-1E82E1BE77C7}"
EndProject
Project("{9A19103F-16F7-4668-BE54-9A1E7A4F7556}") = "chapter_12_03_03", "chapter_12\chapter_12_03_03\chapter_12_03_03.csproj", "{22F72AB0-005F-4B28-95D6-4CFF77C15D84}"
EndProject
Project("{9A19103F-16F7-4668-BE54-9A1E7A4F7556}") = "chapter_12_03_05", "chapter_12\chapter_12_03_05\chapter_12_03_05.csproj", "{95A557E0-5816-4966-AFC3-C2722B18B99D}"
EndProject
Project("{9A19103F-16F7-4668-BE54-9A1E7A4F7556}") = "chapter_12_03_06", "chapter_12\chapter_12_03_06\chapter_12_03_06.csproj", "{E296C1AB-AB98-4C07-9F9B-D2D62FAF6880}"
EndProject
Project("{9A19103F-16F7-4668-BE54-9A1E7A4F7556}") = "chapter_12_03_08", "chapter_12\chapter_12_03_08\chapter_12_03_08.csproj", "{32CDD412-974F-4147-B885-60C44EDFF5B7}"
EndProject
Project("{9A19103F-16F7-4668-BE54-9A1E7A4F7556}") = "chapter_12_03_09", "chapter_12\chapter_12_03_09\chapter_12_03_09.csproj", "{5420DB11-C93C-4472-B42E-24FFD6D69732}"
EndProject
Project("{9A19103F-16F7-4668-BE54-9A1E7A4F7556}") = "chapter_12_03_10", "chapter_12\chapter_12_03_10\chapter_12_03_10.csproj", "{2576658B-8449-4393-BADD-2E8FFF51C41D}"
EndProject
Project("{9A19103F-16F7-4668-BE54-9A1E7A4F7556}") = "chapter_12_03_11", "chapter_12\chapter_12_03_11\chapter_12_03_11.csproj", "{C22ABD05-3D0D-46CD-8FC4-3D378BE7DF5D}"
EndProject
Project("{9A19103F-16F7-4668-BE54-9A1E7A4F7556}") = "chapter_12_03_12", "chapter_12\chapter_12_03_12\chapter_12_03_12.csproj", "{74BFF16E-DEE9-4890-B1CC-6FB42F76410F}"
EndProject
Project("{9A19103F-16F7-4668-BE54-9A1E7A4F7556}") = "chapter_12_03_13", "chapter_12\chapter_12_03_13\chapter_12_03_13.csproj", "{A1FEC300-3B03-41AE-800C-E222D1EF3624}"
EndProject
Project("{9A19103F-16F7-4668-BE54-9A1E7A4F7556}") = "chapter_12_03_WPF", "chapter_12\chapter_12_03_WPF\chapter_12_03_WPF.csproj", "{110120A9-9058-4405-AA54-0C1B255193DC}"
EndProject
Project("{9A19103F-16F7-4668-BE54-9A1E7A4F7556}") = "chapter_15_01", "chapter_15\chapter_15_01\chapter_15_01.csproj", "{377560EA-9AEB-4446-A89A-29397ABCB1DD}"
EndProject
Project("{9A19103F-16F7-4668-BE54-9A1E7A4F7556}") = "chapter_15_02", "chapter_15\chapter_15_02\chapter_15_02.csproj", "{536F976C-2D2C-465B-A9C0-D4C26051C47B}"
EndProject
Project("{9A19103F-16F7-4668-BE54-9A1E7A4F7556}") = "chapter_15_03", "chapter_15\chapter_15_03\chapter_15_03.csproj", "{C69B6980-51C6-46E3-A0E7-0E236514E328}"
EndProject
Project("{9A19103F-16F7-4668-BE54-9A1E7A4F7556}") = "chapter_15_04", "chapter_15\chapter_15_04\chapter_15_04.csproj", "{36E00939-4D73-40EE-87B9-A7DFB0882C71}"
EndProject
Project("{9A19103F-16F7-4668-BE54-9A1E7A4F7556}") = "chapter_15_05", "chapter_15\chapter_15_05\chapter_15_05.csproj", "{6C817AE9-A41C-4B47-824D-53DBA9D17605}"
EndProject
Project("{9A19103F-16F7-4668-BE54-9A1E7A4F7556}") = "chapter_15_06", "chapter_15\chapter_15_06\chapter_15_06.csproj", "{E3873650-4BB8-40A2-B2C9-989137D72E38}"
EndProject
Project("{9A19103F-16F7-4668-BE54-9A1E7A4F7556}") = "chapter_15_07", "chapter_15\chapter_15_07\chapter_15_07.csproj", "{3CC4E08C-43B1-406C-B780-DC641D2F7BD7}"
EndProject
Project("{9A19103F-16F7-4668-BE54-9A1E7A4F7556}") = "chapter_15_08", "chapter_15\chapter_15_08\chapter_15_08.csproj", "{3CF739E8-1AE2-4F83-8069-E9AFB67D4211}"
EndProject
Project("{9A19103F-16F7-4668-BE54-9A1E7A4F7556}") = "chapter_15_09", "chapter_15\chapter_15_09\chapter_15_09.csproj", "{842F945B-ECDA-46A3-B821-82ABB22C0AD0}"
EndProject
Project("{9A19103F-16F7-4668-BE54-9A1E7A4F7556}") = "chapter_15_10", "chapter_15\chapter_15_10\chapter_15_10.csproj", "{B469AE12-6894-45FD-88F4-8B6C61F8B912}"
EndProject
Project("{9A19103F-16F7-4668-BE54-9A1E7A4F7556}") = "chapter_15_11", "chapter_15\chapter_15_11\chapter_15_11.csproj", "{66118D89-EC77-46A4-920A-313E96922497}"
EndProject
Project("{9A19103F-16F7-4668-BE54-9A1E7A4F7556}") = "chapter_15_12", "chapter_15\chapter_15_12\chapter_15_12.csproj", "{7E142B9C-D0E0-433B-A7FF-831BA8E9ECE3}"
EndProject
Project("{9A19103F-16F7-4668-BE54-9A1E7A4F7556}") = "chapter_15_13", "chapter_15\chapter_15_13\chapter_15_13.csproj", "{F6250FEB-55A6-4D62-AA29-7351DA62CAE4}"
EndProject
Project("{9A19103F-16F7-4668-BE54-9A1E7A4F7556}") = "chapter_15_14", "chapter_15\chapter_15_14\chapter_15_14.csproj", "{213B4E07-C3C5-4FE9-8F11-EEF8ADE4437C}"
EndProject
Project("{9A19103F-16F7-4668-BE54-9A1E7A4F7556}") = "chapter_08_06", "chapter_08\chapter_08_06\chapter_08_06.csproj", "{AA8CDAE8-507C-48D2-979B-043A4C3B5A13}"
EndProject
Project("{2150E333-8FDC-42A3-9474-1A3956D46DE8}") = "chapter_14", "chapter_14", "{8DDE115A-B5E8-4023-970C-26B6509952D5}"
EndProject
Project("{9A19103F-16F7-4668-BE54-9A1E7A4F7556}") = "chapter_14_01", "chapter_14\chapter_14_01\chapter_14_01.csproj", "{580486B7-47C3-48EE-8CBE-9E618EE02D96}"
EndProject
Project("{9A19103F-16F7-4668-BE54-9A1E7A4F7556}") = "chapter_14_02_01", "chapter_14\chapter_14_02_01\chapter_14_02_01.csproj", "{79FF8F90-F030-498D-B76A-AF9850852E9F}"
EndProject
Project("{9A19103F-16F7-4668-BE54-9A1E7A4F7556}") = "chapter_14_02_02", "chapter_14\chapter_14_02_02\chapter_14_02_02.csproj", "{0468523D-DB1A-4201-AB26-A1922B1B39D4}"
EndProject
Project("{9A19103F-16F7-4668-BE54-9A1E7A4F7556}") = "chapter_14_02_03", "chapter_14\chapter_14_02_03\chapter_14_02_03.csproj", "{625CB536-63A5-44C9-B86E-7473D09B5147}"
EndProject
Project("{9A19103F-16F7-4668-BE54-9A1E7A4F7556}") = "chapter_14_02_04", "chapter_14\chapter_14_02_04\chapter_14_02_04.csproj", "{38C1ECE3-0D7B-4BB4-AAE6-C0974F2A7844}"
EndProject
Project("{9A19103F-16F7-4668-BE54-9A1E7A4F7556}") = "chapter_14_02_04_benchmark", "chapter_14\chapter_14_02_04_benchmark\chapter_14_02_04_benchmark.csproj", "{0446508B-05D2-4AE2-9844-3F906FF44828}"
EndProject
Project("{9A19103F-16F7-4668-BE54-9A1E7A4F7556}") = "chapter_14_02_05", "chapter_14\chapter_14_02_05\chapter_14_02_05.csproj", "{52CEC649-7253-4BAE-AB8F-3A7F5460B6E5}"
EndProject
Project("{9A19103F-16F7-4668-BE54-9A1E7A4F7556}") = "chapter_14_02_06", "chapter_14\chapter_14_02_06\chapter_14_02_06.csproj", "{29023198-C249-4675-A83D-D1B33D7CD61C}"
EndProject
Project("{9A19103F-16F7-4668-BE54-9A1E7A4F7556}") = "chapter_14_02_07", "chapter_14\chapter_14_02_07\chapter_14_02_07.csproj", "{B04119CC-58B9-4E42-86D4-06166DF807E6}"
EndProject
Project("{FAE04EC0-301F-11D3-BF4B-00C04F79EFBC}") = "chapter_14_03", "chapter_14\chapter_14_03\chapter_14_03.csproj", "{18CB9072-1E29-4C5E-853D-BD4EC0E0F2B8}"
EndProject
Global
	GlobalSection(SolutionConfigurationPlatforms) = preSolution
		Debug|Any CPU = Debug|Any CPU
		Release|Any CPU = Release|Any CPU
	EndGlobalSection
	GlobalSection(ProjectConfigurationPlatforms) = postSolution
		{48B18562-6FCD-4206-90E3-41D1306277EF}.Debug|Any CPU.ActiveCfg = Debug|Any CPU
		{48B18562-6FCD-4206-90E3-41D1306277EF}.Debug|Any CPU.Build.0 = Debug|Any CPU
		{48B18562-6FCD-4206-90E3-41D1306277EF}.Release|Any CPU.ActiveCfg = Release|Any CPU
		{48B18562-6FCD-4206-90E3-41D1306277EF}.Release|Any CPU.Build.0 = Release|Any CPU
		{CC1B00FF-632F-4266-88E1-410B316F1D66}.Debug|Any CPU.ActiveCfg = Debug|Any CPU
		{CC1B00FF-632F-4266-88E1-410B316F1D66}.Debug|Any CPU.Build.0 = Debug|Any CPU
		{CC1B00FF-632F-4266-88E1-410B316F1D66}.Release|Any CPU.ActiveCfg = Release|Any CPU
		{CC1B00FF-632F-4266-88E1-410B316F1D66}.Release|Any CPU.Build.0 = Release|Any CPU
		{E3ACCFB6-D7EE-4081-A551-7A2C1396D102}.Debug|Any CPU.ActiveCfg = Debug|Any CPU
		{E3ACCFB6-D7EE-4081-A551-7A2C1396D102}.Debug|Any CPU.Build.0 = Debug|Any CPU
		{E3ACCFB6-D7EE-4081-A551-7A2C1396D102}.Release|Any CPU.ActiveCfg = Release|Any CPU
		{E3ACCFB6-D7EE-4081-A551-7A2C1396D102}.Release|Any CPU.Build.0 = Release|Any CPU
		{B6787087-792C-454F-A711-A8E3C3395624}.Debug|Any CPU.ActiveCfg = Debug|Any CPU
		{B6787087-792C-454F-A711-A8E3C3395624}.Debug|Any CPU.Build.0 = Debug|Any CPU
		{B6787087-792C-454F-A711-A8E3C3395624}.Release|Any CPU.ActiveCfg = Release|Any CPU
		{B6787087-792C-454F-A711-A8E3C3395624}.Release|Any CPU.Build.0 = Release|Any CPU
		{D01759A8-00DB-4924-88F5-24C1508337D2}.Debug|Any CPU.ActiveCfg = Debug|Any CPU
		{D01759A8-00DB-4924-88F5-24C1508337D2}.Debug|Any CPU.Build.0 = Debug|Any CPU
		{D01759A8-00DB-4924-88F5-24C1508337D2}.Release|Any CPU.ActiveCfg = Release|Any CPU
		{D01759A8-00DB-4924-88F5-24C1508337D2}.Release|Any CPU.Build.0 = Release|Any CPU
		{69B1B507-AC3E-4D49-8783-A73AB64AB442}.Debug|Any CPU.ActiveCfg = Debug|Any CPU
		{69B1B507-AC3E-4D49-8783-A73AB64AB442}.Debug|Any CPU.Build.0 = Debug|Any CPU
		{69B1B507-AC3E-4D49-8783-A73AB64AB442}.Release|Any CPU.ActiveCfg = Release|Any CPU
		{69B1B507-AC3E-4D49-8783-A73AB64AB442}.Release|Any CPU.Build.0 = Release|Any CPU
		{42E3FB31-5E74-4089-A09A-BED2560D4653}.Debug|Any CPU.ActiveCfg = Debug|Any CPU
		{42E3FB31-5E74-4089-A09A-BED2560D4653}.Debug|Any CPU.Build.0 = Debug|Any CPU
		{42E3FB31-5E74-4089-A09A-BED2560D4653}.Release|Any CPU.ActiveCfg = Release|Any CPU
		{42E3FB31-5E74-4089-A09A-BED2560D4653}.Release|Any CPU.Build.0 = Release|Any CPU
		{0035B683-DF53-4ED6-AF17-766DD3EA45B2}.Debug|Any CPU.ActiveCfg = Debug|Any CPU
		{0035B683-DF53-4ED6-AF17-766DD3EA45B2}.Debug|Any CPU.Build.0 = Debug|Any CPU
		{0035B683-DF53-4ED6-AF17-766DD3EA45B2}.Release|Any CPU.ActiveCfg = Release|Any CPU
		{0035B683-DF53-4ED6-AF17-766DD3EA45B2}.Release|Any CPU.Build.0 = Release|Any CPU
		{5E42BBAB-C448-463A-9F84-5459CE202C56}.Debug|Any CPU.ActiveCfg = Debug|Any CPU
		{5E42BBAB-C448-463A-9F84-5459CE202C56}.Debug|Any CPU.Build.0 = Debug|Any CPU
		{5E42BBAB-C448-463A-9F84-5459CE202C56}.Release|Any CPU.ActiveCfg = Release|Any CPU
		{5E42BBAB-C448-463A-9F84-5459CE202C56}.Release|Any CPU.Build.0 = Release|Any CPU
		{7B9DD3E0-68E1-4D83-857F-6FA27D76737B}.Debug|Any CPU.ActiveCfg = Debug|Any CPU
		{7B9DD3E0-68E1-4D83-857F-6FA27D76737B}.Debug|Any CPU.Build.0 = Debug|Any CPU
		{7B9DD3E0-68E1-4D83-857F-6FA27D76737B}.Release|Any CPU.ActiveCfg = Release|Any CPU
		{7B9DD3E0-68E1-4D83-857F-6FA27D76737B}.Release|Any CPU.Build.0 = Release|Any CPU
		{09CB6F30-C286-4DFF-8F37-C94964FE670E}.Debug|Any CPU.ActiveCfg = Debug|Any CPU
		{09CB6F30-C286-4DFF-8F37-C94964FE670E}.Debug|Any CPU.Build.0 = Debug|Any CPU
		{09CB6F30-C286-4DFF-8F37-C94964FE670E}.Release|Any CPU.ActiveCfg = Release|Any CPU
		{09CB6F30-C286-4DFF-8F37-C94964FE670E}.Release|Any CPU.Build.0 = Release|Any CPU
		{3A34D377-093C-4B0F-8A42-ACC30C691794}.Debug|Any CPU.ActiveCfg = Debug|Any CPU
		{3A34D377-093C-4B0F-8A42-ACC30C691794}.Debug|Any CPU.Build.0 = Debug|Any CPU
		{3A34D377-093C-4B0F-8A42-ACC30C691794}.Release|Any CPU.ActiveCfg = Release|Any CPU
		{3A34D377-093C-4B0F-8A42-ACC30C691794}.Release|Any CPU.Build.0 = Release|Any CPU
		{F8C91AB2-DF4D-41F9-8F0F-DFB5C42E5247}.Debug|Any CPU.ActiveCfg = Debug|Any CPU
		{F8C91AB2-DF4D-41F9-8F0F-DFB5C42E5247}.Debug|Any CPU.Build.0 = Debug|Any CPU
		{F8C91AB2-DF4D-41F9-8F0F-DFB5C42E5247}.Release|Any CPU.ActiveCfg = Release|Any CPU
		{F8C91AB2-DF4D-41F9-8F0F-DFB5C42E5247}.Release|Any CPU.Build.0 = Release|Any CPU
		{1061008E-922D-43C1-8C6F-4264468BA23B}.Debug|Any CPU.ActiveCfg = Debug|Any CPU
		{1061008E-922D-43C1-8C6F-4264468BA23B}.Debug|Any CPU.Build.0 = Debug|Any CPU
		{1061008E-922D-43C1-8C6F-4264468BA23B}.Release|Any CPU.ActiveCfg = Release|Any CPU
		{1061008E-922D-43C1-8C6F-4264468BA23B}.Release|Any CPU.Build.0 = Release|Any CPU
		{04DC1AB1-73FD-45D9-AC95-9DB7D60829A1}.Debug|Any CPU.ActiveCfg = Debug|Any CPU
		{04DC1AB1-73FD-45D9-AC95-9DB7D60829A1}.Debug|Any CPU.Build.0 = Debug|Any CPU
		{04DC1AB1-73FD-45D9-AC95-9DB7D60829A1}.Release|Any CPU.ActiveCfg = Release|Any CPU
		{04DC1AB1-73FD-45D9-AC95-9DB7D60829A1}.Release|Any CPU.Build.0 = Release|Any CPU
		{792A1CCB-F0C6-4002-82BF-BA541B0A8018}.Debug|Any CPU.ActiveCfg = Debug|Any CPU
		{792A1CCB-F0C6-4002-82BF-BA541B0A8018}.Debug|Any CPU.Build.0 = Debug|Any CPU
		{792A1CCB-F0C6-4002-82BF-BA541B0A8018}.Release|Any CPU.ActiveCfg = Release|Any CPU
		{792A1CCB-F0C6-4002-82BF-BA541B0A8018}.Release|Any CPU.Build.0 = Release|Any CPU
		{B379162D-E146-4D58-9F28-E219A957D5B7}.Debug|Any CPU.ActiveCfg = Debug|Any CPU
		{B379162D-E146-4D58-9F28-E219A957D5B7}.Debug|Any CPU.Build.0 = Debug|Any CPU
		{B379162D-E146-4D58-9F28-E219A957D5B7}.Release|Any CPU.ActiveCfg = Release|Any CPU
		{B379162D-E146-4D58-9F28-E219A957D5B7}.Release|Any CPU.Build.0 = Release|Any CPU
		{F58E98E5-267A-42AA-8DD5-17118D21D8D4}.Debug|Any CPU.ActiveCfg = Debug|Any CPU
		{F58E98E5-267A-42AA-8DD5-17118D21D8D4}.Debug|Any CPU.Build.0 = Debug|Any CPU
		{F58E98E5-267A-42AA-8DD5-17118D21D8D4}.Release|Any CPU.ActiveCfg = Release|Any CPU
		{F58E98E5-267A-42AA-8DD5-17118D21D8D4}.Release|Any CPU.Build.0 = Release|Any CPU
		{4EC0591D-20FA-46C4-BC96-2D8E4EA3A199}.Debug|Any CPU.ActiveCfg = Debug|Any CPU
		{4EC0591D-20FA-46C4-BC96-2D8E4EA3A199}.Debug|Any CPU.Build.0 = Debug|Any CPU
		{4EC0591D-20FA-46C4-BC96-2D8E4EA3A199}.Release|Any CPU.ActiveCfg = Release|Any CPU
		{4EC0591D-20FA-46C4-BC96-2D8E4EA3A199}.Release|Any CPU.Build.0 = Release|Any CPU
		{4BA80832-2E7B-4E2D-8F00-AA433115082A}.Debug|Any CPU.ActiveCfg = Debug|Any CPU
		{4BA80832-2E7B-4E2D-8F00-AA433115082A}.Debug|Any CPU.Build.0 = Debug|Any CPU
		{4BA80832-2E7B-4E2D-8F00-AA433115082A}.Release|Any CPU.ActiveCfg = Release|Any CPU
		{4BA80832-2E7B-4E2D-8F00-AA433115082A}.Release|Any CPU.Build.0 = Release|Any CPU
		{2CF441F7-B6F4-4847-959C-65BC933B509A}.Debug|Any CPU.ActiveCfg = Debug|Any CPU
		{2CF441F7-B6F4-4847-959C-65BC933B509A}.Debug|Any CPU.Build.0 = Debug|Any CPU
		{2CF441F7-B6F4-4847-959C-65BC933B509A}.Release|Any CPU.ActiveCfg = Release|Any CPU
		{2CF441F7-B6F4-4847-959C-65BC933B509A}.Release|Any CPU.Build.0 = Release|Any CPU
		{6B3FAE62-740B-4EC9-90B4-BFBEACB0F4C0}.Debug|Any CPU.ActiveCfg = Debug|Any CPU
		{6B3FAE62-740B-4EC9-90B4-BFBEACB0F4C0}.Debug|Any CPU.Build.0 = Debug|Any CPU
		{6B3FAE62-740B-4EC9-90B4-BFBEACB0F4C0}.Release|Any CPU.ActiveCfg = Release|Any CPU
		{6B3FAE62-740B-4EC9-90B4-BFBEACB0F4C0}.Release|Any CPU.Build.0 = Release|Any CPU
		{316DB3AB-0C97-4AB6-B59E-F26D98F7A95A}.Debug|Any CPU.ActiveCfg = Debug|Any CPU
		{316DB3AB-0C97-4AB6-B59E-F26D98F7A95A}.Debug|Any CPU.Build.0 = Debug|Any CPU
		{316DB3AB-0C97-4AB6-B59E-F26D98F7A95A}.Release|Any CPU.ActiveCfg = Release|Any CPU
		{316DB3AB-0C97-4AB6-B59E-F26D98F7A95A}.Release|Any CPU.Build.0 = Release|Any CPU
		{4A0765AF-1C49-411F-A103-4D781B900C86}.Debug|Any CPU.ActiveCfg = Debug|Any CPU
		{4A0765AF-1C49-411F-A103-4D781B900C86}.Debug|Any CPU.Build.0 = Debug|Any CPU
		{4A0765AF-1C49-411F-A103-4D781B900C86}.Release|Any CPU.ActiveCfg = Release|Any CPU
		{4A0765AF-1C49-411F-A103-4D781B900C86}.Release|Any CPU.Build.0 = Release|Any CPU
		{8EC98449-4C2B-4BBA-90F9-58ED952AECD3}.Debug|Any CPU.ActiveCfg = Debug|Any CPU
		{8EC98449-4C2B-4BBA-90F9-58ED952AECD3}.Debug|Any CPU.Build.0 = Debug|Any CPU
		{8EC98449-4C2B-4BBA-90F9-58ED952AECD3}.Release|Any CPU.ActiveCfg = Release|Any CPU
		{8EC98449-4C2B-4BBA-90F9-58ED952AECD3}.Release|Any CPU.Build.0 = Release|Any CPU
		{0CE46B47-1E69-4917-91A3-53A74A671FA2}.Debug|Any CPU.ActiveCfg = Debug|Any CPU
		{0CE46B47-1E69-4917-91A3-53A74A671FA2}.Debug|Any CPU.Build.0 = Debug|Any CPU
		{0CE46B47-1E69-4917-91A3-53A74A671FA2}.Release|Any CPU.ActiveCfg = Release|Any CPU
		{0CE46B47-1E69-4917-91A3-53A74A671FA2}.Release|Any CPU.Build.0 = Release|Any CPU
		{ACEA4723-5D6C-4B0D-AD5E-C3B90AEE7905}.Debug|Any CPU.ActiveCfg = Debug|Any CPU
		{ACEA4723-5D6C-4B0D-AD5E-C3B90AEE7905}.Debug|Any CPU.Build.0 = Debug|Any CPU
		{ACEA4723-5D6C-4B0D-AD5E-C3B90AEE7905}.Release|Any CPU.ActiveCfg = Release|Any CPU
		{ACEA4723-5D6C-4B0D-AD5E-C3B90AEE7905}.Release|Any CPU.Build.0 = Release|Any CPU
		{877F2B83-E317-402C-A092-594D8718BBAD}.Debug|Any CPU.ActiveCfg = Debug|Any CPU
		{877F2B83-E317-402C-A092-594D8718BBAD}.Debug|Any CPU.Build.0 = Debug|Any CPU
		{877F2B83-E317-402C-A092-594D8718BBAD}.Release|Any CPU.ActiveCfg = Release|Any CPU
		{877F2B83-E317-402C-A092-594D8718BBAD}.Release|Any CPU.Build.0 = Release|Any CPU
		{63731215-2287-4F13-82C1-C8A3817F53EF}.Debug|Any CPU.ActiveCfg = Debug|Any CPU
		{63731215-2287-4F13-82C1-C8A3817F53EF}.Debug|Any CPU.Build.0 = Debug|Any CPU
		{63731215-2287-4F13-82C1-C8A3817F53EF}.Release|Any CPU.ActiveCfg = Release|Any CPU
		{63731215-2287-4F13-82C1-C8A3817F53EF}.Release|Any CPU.Build.0 = Release|Any CPU
		{10CFA4B8-19A7-4EAD-AC57-341A101FBE96}.Debug|Any CPU.ActiveCfg = Debug|Any CPU
		{10CFA4B8-19A7-4EAD-AC57-341A101FBE96}.Debug|Any CPU.Build.0 = Debug|Any CPU
		{10CFA4B8-19A7-4EAD-AC57-341A101FBE96}.Release|Any CPU.ActiveCfg = Release|Any CPU
		{10CFA4B8-19A7-4EAD-AC57-341A101FBE96}.Release|Any CPU.Build.0 = Release|Any CPU
		{B8418932-37E2-4DE7-B70E-2630EF5DFD71}.Debug|Any CPU.ActiveCfg = Debug|Any CPU
		{B8418932-37E2-4DE7-B70E-2630EF5DFD71}.Debug|Any CPU.Build.0 = Debug|Any CPU
		{B8418932-37E2-4DE7-B70E-2630EF5DFD71}.Release|Any CPU.ActiveCfg = Release|Any CPU
		{B8418932-37E2-4DE7-B70E-2630EF5DFD71}.Release|Any CPU.Build.0 = Release|Any CPU
		{62B5DB73-C3DD-4A2E-976D-6128C10509F9}.Debug|Any CPU.ActiveCfg = Debug|Any CPU
		{62B5DB73-C3DD-4A2E-976D-6128C10509F9}.Debug|Any CPU.Build.0 = Debug|Any CPU
		{62B5DB73-C3DD-4A2E-976D-6128C10509F9}.Release|Any CPU.ActiveCfg = Release|Any CPU
		{62B5DB73-C3DD-4A2E-976D-6128C10509F9}.Release|Any CPU.Build.0 = Release|Any CPU
		{CA0D0373-D3C3-4E5D-9D2E-56C4DB526A51}.Debug|Any CPU.ActiveCfg = Debug|Any CPU
		{CA0D0373-D3C3-4E5D-9D2E-56C4DB526A51}.Debug|Any CPU.Build.0 = Debug|Any CPU
		{CA0D0373-D3C3-4E5D-9D2E-56C4DB526A51}.Release|Any CPU.ActiveCfg = Release|Any CPU
		{CA0D0373-D3C3-4E5D-9D2E-56C4DB526A51}.Release|Any CPU.Build.0 = Release|Any CPU
		{AFEDB7A9-C5E1-490F-82B9-2636D840CBFE}.Debug|Any CPU.ActiveCfg = Debug|Any CPU
		{AFEDB7A9-C5E1-490F-82B9-2636D840CBFE}.Debug|Any CPU.Build.0 = Debug|Any CPU
		{AFEDB7A9-C5E1-490F-82B9-2636D840CBFE}.Release|Any CPU.ActiveCfg = Release|Any CPU
		{AFEDB7A9-C5E1-490F-82B9-2636D840CBFE}.Release|Any CPU.Build.0 = Release|Any CPU
		{FA8956CE-00E3-401E-87DE-3183ED33AF06}.Debug|Any CPU.ActiveCfg = Debug|Any CPU
		{FA8956CE-00E3-401E-87DE-3183ED33AF06}.Debug|Any CPU.Build.0 = Debug|Any CPU
		{FA8956CE-00E3-401E-87DE-3183ED33AF06}.Release|Any CPU.ActiveCfg = Release|Any CPU
		{FA8956CE-00E3-401E-87DE-3183ED33AF06}.Release|Any CPU.Build.0 = Release|Any CPU
		{F70225B3-F6C0-4E44-9DBF-32942EAA63DB}.Debug|Any CPU.ActiveCfg = Debug|Any CPU
		{F70225B3-F6C0-4E44-9DBF-32942EAA63DB}.Debug|Any CPU.Build.0 = Debug|Any CPU
		{F70225B3-F6C0-4E44-9DBF-32942EAA63DB}.Release|Any CPU.ActiveCfg = Release|Any CPU
		{F70225B3-F6C0-4E44-9DBF-32942EAA63DB}.Release|Any CPU.Build.0 = Release|Any CPU
		{E9197B5B-36CB-402C-9184-AD01F3547384}.Debug|Any CPU.ActiveCfg = Debug|Any CPU
		{E9197B5B-36CB-402C-9184-AD01F3547384}.Debug|Any CPU.Build.0 = Debug|Any CPU
		{E9197B5B-36CB-402C-9184-AD01F3547384}.Release|Any CPU.ActiveCfg = Release|Any CPU
		{E9197B5B-36CB-402C-9184-AD01F3547384}.Release|Any CPU.Build.0 = Release|Any CPU
		{391017FC-20C5-417F-9342-F2A3173837E2}.Debug|Any CPU.ActiveCfg = Debug|Any CPU
		{391017FC-20C5-417F-9342-F2A3173837E2}.Debug|Any CPU.Build.0 = Debug|Any CPU
		{391017FC-20C5-417F-9342-F2A3173837E2}.Release|Any CPU.ActiveCfg = Release|Any CPU
		{391017FC-20C5-417F-9342-F2A3173837E2}.Release|Any CPU.Build.0 = Release|Any CPU
		{7896CC9D-3849-4429-B3F7-60608C5EBAB1}.Debug|Any CPU.ActiveCfg = Debug|Any CPU
		{7896CC9D-3849-4429-B3F7-60608C5EBAB1}.Debug|Any CPU.Build.0 = Debug|Any CPU
		{7896CC9D-3849-4429-B3F7-60608C5EBAB1}.Release|Any CPU.ActiveCfg = Release|Any CPU
		{7896CC9D-3849-4429-B3F7-60608C5EBAB1}.Release|Any CPU.Build.0 = Release|Any CPU
		{B777AB48-FBBE-412F-B7DA-A2E31B5D8510}.Debug|Any CPU.ActiveCfg = Debug|Any CPU
		{B777AB48-FBBE-412F-B7DA-A2E31B5D8510}.Debug|Any CPU.Build.0 = Debug|Any CPU
		{B777AB48-FBBE-412F-B7DA-A2E31B5D8510}.Release|Any CPU.ActiveCfg = Release|Any CPU
		{B777AB48-FBBE-412F-B7DA-A2E31B5D8510}.Release|Any CPU.Build.0 = Release|Any CPU
		{28F97397-123A-4D7B-8D8C-1E82E1BE77C7}.Debug|Any CPU.ActiveCfg = Debug|Any CPU
		{28F97397-123A-4D7B-8D8C-1E82E1BE77C7}.Debug|Any CPU.Build.0 = Debug|Any CPU
		{28F97397-123A-4D7B-8D8C-1E82E1BE77C7}.Release|Any CPU.ActiveCfg = Release|Any CPU
		{28F97397-123A-4D7B-8D8C-1E82E1BE77C7}.Release|Any CPU.Build.0 = Release|Any CPU
		{22F72AB0-005F-4B28-95D6-4CFF77C15D84}.Debug|Any CPU.ActiveCfg = Debug|Any CPU
		{22F72AB0-005F-4B28-95D6-4CFF77C15D84}.Debug|Any CPU.Build.0 = Debug|Any CPU
		{22F72AB0-005F-4B28-95D6-4CFF77C15D84}.Release|Any CPU.ActiveCfg = Release|Any CPU
		{22F72AB0-005F-4B28-95D6-4CFF77C15D84}.Release|Any CPU.Build.0 = Release|Any CPU
		{95A557E0-5816-4966-AFC3-C2722B18B99D}.Debug|Any CPU.ActiveCfg = Debug|Any CPU
		{95A557E0-5816-4966-AFC3-C2722B18B99D}.Debug|Any CPU.Build.0 = Debug|Any CPU
		{95A557E0-5816-4966-AFC3-C2722B18B99D}.Release|Any CPU.ActiveCfg = Release|Any CPU
		{95A557E0-5816-4966-AFC3-C2722B18B99D}.Release|Any CPU.Build.0 = Release|Any CPU
		{E296C1AB-AB98-4C07-9F9B-D2D62FAF6880}.Debug|Any CPU.ActiveCfg = Debug|Any CPU
		{E296C1AB-AB98-4C07-9F9B-D2D62FAF6880}.Debug|Any CPU.Build.0 = Debug|Any CPU
		{E296C1AB-AB98-4C07-9F9B-D2D62FAF6880}.Release|Any CPU.ActiveCfg = Release|Any CPU
		{E296C1AB-AB98-4C07-9F9B-D2D62FAF6880}.Release|Any CPU.Build.0 = Release|Any CPU
		{32CDD412-974F-4147-B885-60C44EDFF5B7}.Debug|Any CPU.ActiveCfg = Debug|Any CPU
		{32CDD412-974F-4147-B885-60C44EDFF5B7}.Debug|Any CPU.Build.0 = Debug|Any CPU
		{32CDD412-974F-4147-B885-60C44EDFF5B7}.Release|Any CPU.ActiveCfg = Release|Any CPU
		{32CDD412-974F-4147-B885-60C44EDFF5B7}.Release|Any CPU.Build.0 = Release|Any CPU
		{5420DB11-C93C-4472-B42E-24FFD6D69732}.Debug|Any CPU.ActiveCfg = Debug|Any CPU
		{5420DB11-C93C-4472-B42E-24FFD6D69732}.Debug|Any CPU.Build.0 = Debug|Any CPU
		{5420DB11-C93C-4472-B42E-24FFD6D69732}.Release|Any CPU.ActiveCfg = Release|Any CPU
		{5420DB11-C93C-4472-B42E-24FFD6D69732}.Release|Any CPU.Build.0 = Release|Any CPU
		{2576658B-8449-4393-BADD-2E8FFF51C41D}.Debug|Any CPU.ActiveCfg = Debug|Any CPU
		{2576658B-8449-4393-BADD-2E8FFF51C41D}.Debug|Any CPU.Build.0 = Debug|Any CPU
		{2576658B-8449-4393-BADD-2E8FFF51C41D}.Release|Any CPU.ActiveCfg = Release|Any CPU
		{2576658B-8449-4393-BADD-2E8FFF51C41D}.Release|Any CPU.Build.0 = Release|Any CPU
		{C22ABD05-3D0D-46CD-8FC4-3D378BE7DF5D}.Debug|Any CPU.ActiveCfg = Debug|Any CPU
		{C22ABD05-3D0D-46CD-8FC4-3D378BE7DF5D}.Debug|Any CPU.Build.0 = Debug|Any CPU
		{C22ABD05-3D0D-46CD-8FC4-3D378BE7DF5D}.Release|Any CPU.ActiveCfg = Release|Any CPU
		{C22ABD05-3D0D-46CD-8FC4-3D378BE7DF5D}.Release|Any CPU.Build.0 = Release|Any CPU
		{74BFF16E-DEE9-4890-B1CC-6FB42F76410F}.Debug|Any CPU.ActiveCfg = Debug|Any CPU
		{74BFF16E-DEE9-4890-B1CC-6FB42F76410F}.Debug|Any CPU.Build.0 = Debug|Any CPU
		{74BFF16E-DEE9-4890-B1CC-6FB42F76410F}.Release|Any CPU.ActiveCfg = Release|Any CPU
		{74BFF16E-DEE9-4890-B1CC-6FB42F76410F}.Release|Any CPU.Build.0 = Release|Any CPU
		{A1FEC300-3B03-41AE-800C-E222D1EF3624}.Debug|Any CPU.ActiveCfg = Debug|Any CPU
		{A1FEC300-3B03-41AE-800C-E222D1EF3624}.Debug|Any CPU.Build.0 = Debug|Any CPU
		{A1FEC300-3B03-41AE-800C-E222D1EF3624}.Release|Any CPU.ActiveCfg = Release|Any CPU
		{A1FEC300-3B03-41AE-800C-E222D1EF3624}.Release|Any CPU.Build.0 = Release|Any CPU
		{110120A9-9058-4405-AA54-0C1B255193DC}.Debug|Any CPU.ActiveCfg = Debug|Any CPU
		{110120A9-9058-4405-AA54-0C1B255193DC}.Debug|Any CPU.Build.0 = Debug|Any CPU
		{110120A9-9058-4405-AA54-0C1B255193DC}.Release|Any CPU.ActiveCfg = Release|Any CPU
		{110120A9-9058-4405-AA54-0C1B255193DC}.Release|Any CPU.Build.0 = Release|Any CPU
		{377560EA-9AEB-4446-A89A-29397ABCB1DD}.Debug|Any CPU.ActiveCfg = Debug|Any CPU
		{377560EA-9AEB-4446-A89A-29397ABCB1DD}.Debug|Any CPU.Build.0 = Debug|Any CPU
		{377560EA-9AEB-4446-A89A-29397ABCB1DD}.Release|Any CPU.ActiveCfg = Release|Any CPU
		{377560EA-9AEB-4446-A89A-29397ABCB1DD}.Release|Any CPU.Build.0 = Release|Any CPU
		{536F976C-2D2C-465B-A9C0-D4C26051C47B}.Debug|Any CPU.ActiveCfg = Debug|Any CPU
		{536F976C-2D2C-465B-A9C0-D4C26051C47B}.Debug|Any CPU.Build.0 = Debug|Any CPU
		{536F976C-2D2C-465B-A9C0-D4C26051C47B}.Release|Any CPU.ActiveCfg = Release|Any CPU
		{536F976C-2D2C-465B-A9C0-D4C26051C47B}.Release|Any CPU.Build.0 = Release|Any CPU
		{C69B6980-51C6-46E3-A0E7-0E236514E328}.Debug|Any CPU.ActiveCfg = Debug|Any CPU
		{C69B6980-51C6-46E3-A0E7-0E236514E328}.Debug|Any CPU.Build.0 = Debug|Any CPU
		{C69B6980-51C6-46E3-A0E7-0E236514E328}.Release|Any CPU.ActiveCfg = Release|Any CPU
		{C69B6980-51C6-46E3-A0E7-0E236514E328}.Release|Any CPU.Build.0 = Release|Any CPU
		{36E00939-4D73-40EE-87B9-A7DFB0882C71}.Debug|Any CPU.ActiveCfg = Debug|Any CPU
		{36E00939-4D73-40EE-87B9-A7DFB0882C71}.Debug|Any CPU.Build.0 = Debug|Any CPU
		{36E00939-4D73-40EE-87B9-A7DFB0882C71}.Release|Any CPU.ActiveCfg = Release|Any CPU
		{36E00939-4D73-40EE-87B9-A7DFB0882C71}.Release|Any CPU.Build.0 = Release|Any CPU
		{6C817AE9-A41C-4B47-824D-53DBA9D17605}.Debug|Any CPU.ActiveCfg = Debug|Any CPU
		{6C817AE9-A41C-4B47-824D-53DBA9D17605}.Debug|Any CPU.Build.0 = Debug|Any CPU
		{6C817AE9-A41C-4B47-824D-53DBA9D17605}.Release|Any CPU.ActiveCfg = Release|Any CPU
		{6C817AE9-A41C-4B47-824D-53DBA9D17605}.Release|Any CPU.Build.0 = Release|Any CPU
		{E3873650-4BB8-40A2-B2C9-989137D72E38}.Debug|Any CPU.ActiveCfg = Debug|Any CPU
		{E3873650-4BB8-40A2-B2C9-989137D72E38}.Debug|Any CPU.Build.0 = Debug|Any CPU
		{E3873650-4BB8-40A2-B2C9-989137D72E38}.Release|Any CPU.ActiveCfg = Release|Any CPU
		{E3873650-4BB8-40A2-B2C9-989137D72E38}.Release|Any CPU.Build.0 = Release|Any CPU
		{3CC4E08C-43B1-406C-B780-DC641D2F7BD7}.Debug|Any CPU.ActiveCfg = Debug|Any CPU
		{3CC4E08C-43B1-406C-B780-DC641D2F7BD7}.Debug|Any CPU.Build.0 = Debug|Any CPU
		{3CC4E08C-43B1-406C-B780-DC641D2F7BD7}.Release|Any CPU.ActiveCfg = Release|Any CPU
		{3CC4E08C-43B1-406C-B780-DC641D2F7BD7}.Release|Any CPU.Build.0 = Release|Any CPU
		{3CF739E8-1AE2-4F83-8069-E9AFB67D4211}.Debug|Any CPU.ActiveCfg = Debug|Any CPU
		{3CF739E8-1AE2-4F83-8069-E9AFB67D4211}.Debug|Any CPU.Build.0 = Debug|Any CPU
		{3CF739E8-1AE2-4F83-8069-E9AFB67D4211}.Release|Any CPU.ActiveCfg = Release|Any CPU
		{3CF739E8-1AE2-4F83-8069-E9AFB67D4211}.Release|Any CPU.Build.0 = Release|Any CPU
		{842F945B-ECDA-46A3-B821-82ABB22C0AD0}.Debug|Any CPU.ActiveCfg = Debug|Any CPU
		{842F945B-ECDA-46A3-B821-82ABB22C0AD0}.Debug|Any CPU.Build.0 = Debug|Any CPU
		{842F945B-ECDA-46A3-B821-82ABB22C0AD0}.Release|Any CPU.ActiveCfg = Release|Any CPU
		{842F945B-ECDA-46A3-B821-82ABB22C0AD0}.Release|Any CPU.Build.0 = Release|Any CPU
		{B469AE12-6894-45FD-88F4-8B6C61F8B912}.Debug|Any CPU.ActiveCfg = Debug|Any CPU
		{B469AE12-6894-45FD-88F4-8B6C61F8B912}.Debug|Any CPU.Build.0 = Debug|Any CPU
		{B469AE12-6894-45FD-88F4-8B6C61F8B912}.Release|Any CPU.ActiveCfg = Release|Any CPU
		{B469AE12-6894-45FD-88F4-8B6C61F8B912}.Release|Any CPU.Build.0 = Release|Any CPU
		{66118D89-EC77-46A4-920A-313E96922497}.Debug|Any CPU.ActiveCfg = Debug|Any CPU
		{66118D89-EC77-46A4-920A-313E96922497}.Debug|Any CPU.Build.0 = Debug|Any CPU
		{66118D89-EC77-46A4-920A-313E96922497}.Release|Any CPU.ActiveCfg = Release|Any CPU
		{66118D89-EC77-46A4-920A-313E96922497}.Release|Any CPU.Build.0 = Release|Any CPU
		{7E142B9C-D0E0-433B-A7FF-831BA8E9ECE3}.Debug|Any CPU.ActiveCfg = Debug|Any CPU
		{7E142B9C-D0E0-433B-A7FF-831BA8E9ECE3}.Debug|Any CPU.Build.0 = Debug|Any CPU
		{7E142B9C-D0E0-433B-A7FF-831BA8E9ECE3}.Release|Any CPU.ActiveCfg = Release|Any CPU
		{7E142B9C-D0E0-433B-A7FF-831BA8E9ECE3}.Release|Any CPU.Build.0 = Release|Any CPU
		{F6250FEB-55A6-4D62-AA29-7351DA62CAE4}.Debug|Any CPU.ActiveCfg = Debug|Any CPU
		{F6250FEB-55A6-4D62-AA29-7351DA62CAE4}.Debug|Any CPU.Build.0 = Debug|Any CPU
		{F6250FEB-55A6-4D62-AA29-7351DA62CAE4}.Release|Any CPU.ActiveCfg = Release|Any CPU
		{F6250FEB-55A6-4D62-AA29-7351DA62CAE4}.Release|Any CPU.Build.0 = Release|Any CPU
		{213B4E07-C3C5-4FE9-8F11-EEF8ADE4437C}.Debug|Any CPU.ActiveCfg = Debug|Any CPU
		{213B4E07-C3C5-4FE9-8F11-EEF8ADE4437C}.Debug|Any CPU.Build.0 = Debug|Any CPU
		{213B4E07-C3C5-4FE9-8F11-EEF8ADE4437C}.Release|Any CPU.ActiveCfg = Release|Any CPU
		{213B4E07-C3C5-4FE9-8F11-EEF8ADE4437C}.Release|Any CPU.Build.0 = Release|Any CPU
		{AA8CDAE8-507C-48D2-979B-043A4C3B5A13}.Debug|Any CPU.ActiveCfg = Debug|Any CPU
		{AA8CDAE8-507C-48D2-979B-043A4C3B5A13}.Debug|Any CPU.Build.0 = Debug|Any CPU
		{AA8CDAE8-507C-48D2-979B-043A4C3B5A13}.Release|Any CPU.ActiveCfg = Release|Any CPU
		{AA8CDAE8-507C-48D2-979B-043A4C3B5A13}.Release|Any CPU.Build.0 = Release|Any CPU
		{580486B7-47C3-48EE-8CBE-9E618EE02D96}.Debug|Any CPU.ActiveCfg = Debug|Any CPU
		{580486B7-47C3-48EE-8CBE-9E618EE02D96}.Debug|Any CPU.Build.0 = Debug|Any CPU
		{580486B7-47C3-48EE-8CBE-9E618EE02D96}.Release|Any CPU.ActiveCfg = Release|Any CPU
		{580486B7-47C3-48EE-8CBE-9E618EE02D96}.Release|Any CPU.Build.0 = Release|Any CPU
		{79FF8F90-F030-498D-B76A-AF9850852E9F}.Debug|Any CPU.ActiveCfg = Debug|Any CPU
		{79FF8F90-F030-498D-B76A-AF9850852E9F}.Debug|Any CPU.Build.0 = Debug|Any CPU
		{79FF8F90-F030-498D-B76A-AF9850852E9F}.Release|Any CPU.ActiveCfg = Release|Any CPU
		{79FF8F90-F030-498D-B76A-AF9850852E9F}.Release|Any CPU.Build.0 = Release|Any CPU
		{0468523D-DB1A-4201-AB26-A1922B1B39D4}.Debug|Any CPU.ActiveCfg = Debug|Any CPU
		{0468523D-DB1A-4201-AB26-A1922B1B39D4}.Debug|Any CPU.Build.0 = Debug|Any CPU
		{0468523D-DB1A-4201-AB26-A1922B1B39D4}.Release|Any CPU.ActiveCfg = Release|Any CPU
		{0468523D-DB1A-4201-AB26-A1922B1B39D4}.Release|Any CPU.Build.0 = Release|Any CPU
		{625CB536-63A5-44C9-B86E-7473D09B5147}.Debug|Any CPU.ActiveCfg = Debug|Any CPU
		{625CB536-63A5-44C9-B86E-7473D09B5147}.Debug|Any CPU.Build.0 = Debug|Any CPU
		{625CB536-63A5-44C9-B86E-7473D09B5147}.Release|Any CPU.ActiveCfg = Release|Any CPU
		{625CB536-63A5-44C9-B86E-7473D09B5147}.Release|Any CPU.Build.0 = Release|Any CPU
		{38C1ECE3-0D7B-4BB4-AAE6-C0974F2A7844}.Debug|Any CPU.ActiveCfg = Debug|Any CPU
		{38C1ECE3-0D7B-4BB4-AAE6-C0974F2A7844}.Debug|Any CPU.Build.0 = Debug|Any CPU
		{38C1ECE3-0D7B-4BB4-AAE6-C0974F2A7844}.Release|Any CPU.ActiveCfg = Release|Any CPU
		{38C1ECE3-0D7B-4BB4-AAE6-C0974F2A7844}.Release|Any CPU.Build.0 = Release|Any CPU
		{0446508B-05D2-4AE2-9844-3F906FF44828}.Debug|Any CPU.ActiveCfg = Debug|Any CPU
		{0446508B-05D2-4AE2-9844-3F906FF44828}.Debug|Any CPU.Build.0 = Debug|Any CPU
		{0446508B-05D2-4AE2-9844-3F906FF44828}.Release|Any CPU.ActiveCfg = Release|Any CPU
		{0446508B-05D2-4AE2-9844-3F906FF44828}.Release|Any CPU.Build.0 = Release|Any CPU
		{52CEC649-7253-4BAE-AB8F-3A7F5460B6E5}.Debug|Any CPU.ActiveCfg = Debug|Any CPU
		{52CEC649-7253-4BAE-AB8F-3A7F5460B6E5}.Debug|Any CPU.Build.0 = Debug|Any CPU
		{52CEC649-7253-4BAE-AB8F-3A7F5460B6E5}.Release|Any CPU.ActiveCfg = Release|Any CPU
		{52CEC649-7253-4BAE-AB8F-3A7F5460B6E5}.Release|Any CPU.Build.0 = Release|Any CPU
		{29023198-C249-4675-A83D-D1B33D7CD61C}.Debug|Any CPU.ActiveCfg = Debug|Any CPU
		{29023198-C249-4675-A83D-D1B33D7CD61C}.Debug|Any CPU.Build.0 = Debug|Any CPU
		{29023198-C249-4675-A83D-D1B33D7CD61C}.Release|Any CPU.ActiveCfg = Release|Any CPU
		{29023198-C249-4675-A83D-D1B33D7CD61C}.Release|Any CPU.Build.0 = Release|Any CPU
		{B04119CC-58B9-4E42-86D4-06166DF807E6}.Debug|Any CPU.ActiveCfg = Debug|Any CPU
		{B04119CC-58B9-4E42-86D4-06166DF807E6}.Debug|Any CPU.Build.0 = Debug|Any CPU
		{B04119CC-58B9-4E42-86D4-06166DF807E6}.Release|Any CPU.ActiveCfg = Release|Any CPU
		{B04119CC-58B9-4E42-86D4-06166DF807E6}.Release|Any CPU.Build.0 = Release|Any CPU
		{18CB9072-1E29-4C5E-853D-BD4EC0E0F2B8}.Debug|Any CPU.ActiveCfg = Debug|Any CPU
		{18CB9072-1E29-4C5E-853D-BD4EC0E0F2B8}.Debug|Any CPU.Build.0 = Debug|Any CPU
		{18CB9072-1E29-4C5E-853D-BD4EC0E0F2B8}.Release|Any CPU.ActiveCfg = Release|Any CPU
		{18CB9072-1E29-4C5E-853D-BD4EC0E0F2B8}.Release|Any CPU.Build.0 = Release|Any CPU
	EndGlobalSection
	GlobalSection(SolutionProperties) = preSolution
		HideSolutionNode = FALSE
	EndGlobalSection
	GlobalSection(NestedProjects) = preSolution
		{48B18562-6FCD-4206-90E3-41D1306277EF} = {64724281-05CF-4E44-B6F0-ED6347B8803A}
		{CC1B00FF-632F-4266-88E1-410B316F1D66} = {64724281-05CF-4E44-B6F0-ED6347B8803A}
		{E3ACCFB6-D7EE-4081-A551-7A2C1396D102} = {64724281-05CF-4E44-B6F0-ED6347B8803A}
		{B6787087-792C-454F-A711-A8E3C3395624} = {64724281-05CF-4E44-B6F0-ED6347B8803A}
		{D01759A8-00DB-4924-88F5-24C1508337D2} = {B12C4C3F-5EE4-441B-BBAE-654B7A64D352}
		{69B1B507-AC3E-4D49-8783-A73AB64AB442} = {B12C4C3F-5EE4-441B-BBAE-654B7A64D352}
		{42E3FB31-5E74-4089-A09A-BED2560D4653} = {B12C4C3F-5EE4-441B-BBAE-654B7A64D352}
		{0035B683-DF53-4ED6-AF17-766DD3EA45B2} = {B12C4C3F-5EE4-441B-BBAE-654B7A64D352}
		{5E42BBAB-C448-463A-9F84-5459CE202C56} = {B12C4C3F-5EE4-441B-BBAE-654B7A64D352}
		{7B9DD3E0-68E1-4D83-857F-6FA27D76737B} = {D73A4CAF-3A88-478F-867A-02B5F4803F80}
		{09CB6F30-C286-4DFF-8F37-C94964FE670E} = {D73A4CAF-3A88-478F-867A-02B5F4803F80}
		{3A34D377-093C-4B0F-8A42-ACC30C691794} = {D73A4CAF-3A88-478F-867A-02B5F4803F80}
		{F8C91AB2-DF4D-41F9-8F0F-DFB5C42E5247} = {D73A4CAF-3A88-478F-867A-02B5F4803F80}
		{1061008E-922D-43C1-8C6F-4264468BA23B} = {D73A4CAF-3A88-478F-867A-02B5F4803F80}
		{04DC1AB1-73FD-45D9-AC95-9DB7D60829A1} = {D73A4CAF-3A88-478F-867A-02B5F4803F80}
		{792A1CCB-F0C6-4002-82BF-BA541B0A8018} = {D73A4CAF-3A88-478F-867A-02B5F4803F80}
		{B379162D-E146-4D58-9F28-E219A957D5B7} = {64724281-05CF-4E44-B6F0-ED6347B8803A}
		{F58E98E5-267A-42AA-8DD5-17118D21D8D4} = {46067798-D3E3-4B02-AF34-FA7E439D1805}
		{4EC0591D-20FA-46C4-BC96-2D8E4EA3A199} = {46067798-D3E3-4B02-AF34-FA7E439D1805}
		{4BA80832-2E7B-4E2D-8F00-AA433115082A} = {46067798-D3E3-4B02-AF34-FA7E439D1805}
		{2CF441F7-B6F4-4847-959C-65BC933B509A} = {46067798-D3E3-4B02-AF34-FA7E439D1805}
		{6B3FAE62-740B-4EC9-90B4-BFBEACB0F4C0} = {46067798-D3E3-4B02-AF34-FA7E439D1805}
		{316DB3AB-0C97-4AB6-B59E-F26D98F7A95A} = {159C8CD4-0070-4CDA-871B-BDFE18DD1D60}
		{4A0765AF-1C49-411F-A103-4D781B900C86} = {6865169C-6561-4CF2-ADC8-24CAEE8D2E4A}
		{8EC98449-4C2B-4BBA-90F9-58ED952AECD3} = {36BC888F-4A4C-437D-84A4-5118466EB11C}
		{0CE46B47-1E69-4917-91A3-53A74A671FA2} = {B4123CE3-68BB-4A95-A432-DA76DF4F60F0}
		{ACEA4723-5D6C-4B0D-AD5E-C3B90AEE7905} = {90C3B748-3B01-41B2-9144-92C1E1174FBF}
		{877F2B83-E317-402C-A092-594D8718BBAD} = {3750B662-96DF-4683-AADB-521D5C854754}
		{63731215-2287-4F13-82C1-C8A3817F53EF} = {0DB6E973-6496-4B49-982C-048922139F08}
		{10CFA4B8-19A7-4EAD-AC57-341A101FBE96} = {16C48A18-D3FA-430E-AC3D-89167F466EEC}
		{B8418932-37E2-4DE7-B70E-2630EF5DFD71} = {16C48A18-D3FA-430E-AC3D-89167F466EEC}
		{62B5DB73-C3DD-4A2E-976D-6128C10509F9} = {16C48A18-D3FA-430E-AC3D-89167F466EEC}
		{CA0D0373-D3C3-4E5D-9D2E-56C4DB526A51} = {16C48A18-D3FA-430E-AC3D-89167F466EEC}
		{AFEDB7A9-C5E1-490F-82B9-2636D840CBFE} = {16C48A18-D3FA-430E-AC3D-89167F466EEC}
		{FA8956CE-00E3-401E-87DE-3183ED33AF06} = {7D8DBED8-9EB5-4E71-9B1A-039FBA3531AC}
		{F70225B3-F6C0-4E44-9DBF-32942EAA63DB} = {7D8DBED8-9EB5-4E71-9B1A-039FBA3531AC}
		{E9197B5B-36CB-402C-9184-AD01F3547384} = {7D8DBED8-9EB5-4E71-9B1A-039FBA3531AC}
		{391017FC-20C5-417F-9342-F2A3173837E2} = {B4C76EBA-A3E9-4347-B533-F37C3F46D05C}
		{7896CC9D-3849-4429-B3F7-60608C5EBAB1} = {B4C76EBA-A3E9-4347-B533-F37C3F46D05C}
		{B777AB48-FBBE-412F-B7DA-A2E31B5D8510} = {B4C76EBA-A3E9-4347-B533-F37C3F46D05C}
		{28F97397-123A-4D7B-8D8C-1E82E1BE77C7} = {B4C76EBA-A3E9-4347-B533-F37C3F46D05C}
		{22F72AB0-005F-4B28-95D6-4CFF77C15D84} = {B4C76EBA-A3E9-4347-B533-F37C3F46D05C}
		{95A557E0-5816-4966-AFC3-C2722B18B99D} = {B4C76EBA-A3E9-4347-B533-F37C3F46D05C}
		{E296C1AB-AB98-4C07-9F9B-D2D62FAF6880} = {B4C76EBA-A3E9-4347-B533-F37C3F46D05C}
		{32CDD412-974F-4147-B885-60C44EDFF5B7} = {B4C76EBA-A3E9-4347-B533-F37C3F46D05C}
		{5420DB11-C93C-4472-B42E-24FFD6D69732} = {B4C76EBA-A3E9-4347-B533-F37C3F46D05C}
		{2576658B-8449-4393-BADD-2E8FFF51C41D} = {B4C76EBA-A3E9-4347-B533-F37C3F46D05C}
		{C22ABD05-3D0D-46CD-8FC4-3D378BE7DF5D} = {B4C76EBA-A3E9-4347-B533-F37C3F46D05C}
		{74BFF16E-DEE9-4890-B1CC-6FB42F76410F} = {B4C76EBA-A3E9-4347-B533-F37C3F46D05C}
		{A1FEC300-3B03-41AE-800C-E222D1EF3624} = {B4C76EBA-A3E9-4347-B533-F37C3F46D05C}
		{110120A9-9058-4405-AA54-0C1B255193DC} = {B4C76EBA-A3E9-4347-B533-F37C3F46D05C}
		{377560EA-9AEB-4446-A89A-29397ABCB1DD} = {68079492-322B-41E2-92E5-DEF204116ACC}
		{536F976C-2D2C-465B-A9C0-D4C26051C47B} = {68079492-322B-41E2-92E5-DEF204116ACC}
		{C69B6980-51C6-46E3-A0E7-0E236514E328} = {68079492-322B-41E2-92E5-DEF204116ACC}
		{36E00939-4D73-40EE-87B9-A7DFB0882C71} = {68079492-322B-41E2-92E5-DEF204116ACC}
		{6C817AE9-A41C-4B47-824D-53DBA9D17605} = {68079492-322B-41E2-92E5-DEF204116ACC}
		{E3873650-4BB8-40A2-B2C9-989137D72E38} = {68079492-322B-41E2-92E5-DEF204116ACC}
		{3CC4E08C-43B1-406C-B780-DC641D2F7BD7} = {68079492-322B-41E2-92E5-DEF204116ACC}
		{3CF739E8-1AE2-4F83-8069-E9AFB67D4211} = {68079492-322B-41E2-92E5-DEF204116ACC}
		{842F945B-ECDA-46A3-B821-82ABB22C0AD0} = {68079492-322B-41E2-92E5-DEF204116ACC}
		{B469AE12-6894-45FD-88F4-8B6C61F8B912} = {68079492-322B-41E2-92E5-DEF204116ACC}
		{66118D89-EC77-46A4-920A-313E96922497} = {68079492-322B-41E2-92E5-DEF204116ACC}
		{7E142B9C-D0E0-433B-A7FF-831BA8E9ECE3} = {68079492-322B-41E2-92E5-DEF204116ACC}
		{F6250FEB-55A6-4D62-AA29-7351DA62CAE4} = {68079492-322B-41E2-92E5-DEF204116ACC}
		{213B4E07-C3C5-4FE9-8F11-EEF8ADE4437C} = {68079492-322B-41E2-92E5-DEF204116ACC}
		{AA8CDAE8-507C-48D2-979B-043A4C3B5A13} = {64724281-05CF-4E44-B6F0-ED6347B8803A}
		{580486B7-47C3-48EE-8CBE-9E618EE02D96} = {8DDE115A-B5E8-4023-970C-26B6509952D5}
		{79FF8F90-F030-498D-B76A-AF9850852E9F} = {8DDE115A-B5E8-4023-970C-26B6509952D5}
		{0468523D-DB1A-4201-AB26-A1922B1B39D4} = {8DDE115A-B5E8-4023-970C-26B6509952D5}
		{625CB536-63A5-44C9-B86E-7473D09B5147} = {8DDE115A-B5E8-4023-970C-26B6509952D5}
		{38C1ECE3-0D7B-4BB4-AAE6-C0974F2A7844} = {8DDE115A-B5E8-4023-970C-26B6509952D5}
		{0446508B-05D2-4AE2-9844-3F906FF44828} = {8DDE115A-B5E8-4023-970C-26B6509952D5}
		{52CEC649-7253-4BAE-AB8F-3A7F5460B6E5} = {8DDE115A-B5E8-4023-970C-26B6509952D5}
		{29023198-C249-4675-A83D-D1B33D7CD61C} = {8DDE115A-B5E8-4023-970C-26B6509952D5}
		{B04119CC-58B9-4E42-86D4-06166DF807E6} = {8DDE115A-B5E8-4023-970C-26B6509952D5}
		{18CB9072-1E29-4C5E-853D-BD4EC0E0F2B8} = {8DDE115A-B5E8-4023-970C-26B6509952D5}
	EndGlobalSection
	GlobalSection(ExtensibilityGlobals) = postSolution
		SolutionGuid = {C2A078BD-046F-40DD-858E-CFCF14F3926D}
	EndGlobalSection
EndGlobal
